// !$*UTF8*$!
{
	archiveVersion = 1;
	classes = {
	};
	objectVersion = 50;
	objects = {

/* Begin PBXBuildFile section */
		A8E4C922242AB153007C9765 /* AppDelegate.swift in Sources */ = {isa = PBXBuildFile; fileRef = A8E4C921242AB153007C9765 /* AppDelegate.swift */; };
		A8E4C924242AB153007C9765 /* SceneDelegate.swift in Sources */ = {isa = PBXBuildFile; fileRef = A8E4C923242AB153007C9765 /* SceneDelegate.swift */; };
		A8E4C926242AB153007C9765 /* ContentView.swift in Sources */ = {isa = PBXBuildFile; fileRef = A8E4C925242AB153007C9765 /* ContentView.swift */; };
		A8E4C928242AB155007C9765 /* Assets.xcassets in Resources */ = {isa = PBXBuildFile; fileRef = A8E4C927242AB155007C9765 /* Assets.xcassets */; };
		A8E4C92B242AB155007C9765 /* Preview Assets.xcassets in Resources */ = {isa = PBXBuildFile; fileRef = A8E4C92A242AB155007C9765 /* Preview Assets.xcassets */; };
		A8E4C92E242AB155007C9765 /* LaunchScreen.storyboard in Resources */ = {isa = PBXBuildFile; fileRef = A8E4C92C242AB155007C9765 /* LaunchScreen.storyboard */; };
		A8E4C939242AB64F007C9765 /* NetworkManager.swift in Sources */ = {isa = PBXBuildFile; fileRef = A8E4C938242AB64F007C9765 /* NetworkManager.swift */; };
		A8E4C93B242AB74B007C9765 /* PostData.swift in Sources */ = {isa = PBXBuildFile; fileRef = A8E4C93A242AB74B007C9765 /* PostData.swift */; };
		A8E4C93F242ABDE9007C9765 /* DetailView.swift in Sources */ = {isa = PBXBuildFile; fileRef = A8E4C93E242ABDE9007C9765 /* DetailView.swift */; };
		A8E4C941242AC1B5007C9765 /* WebView.swift in Sources */ = {isa = PBXBuildFile; fileRef = A8E4C940242AC1B5007C9765 /* WebView.swift */; };
/* End PBXBuildFile section */

/* Begin PBXFileReference section */
		A8E4C91E242AB153007C9765 /* Hacker News.app */ = {isa = PBXFileReference; explicitFileType = wrapper.application; includeInIndex = 0; path = "Hacker News.app"; sourceTree = BUILT_PRODUCTS_DIR; };
		A8E4C921242AB153007C9765 /* AppDelegate.swift */ = {isa = PBXFileReference; lastKnownFileType = sourcecode.swift; path = AppDelegate.swift; sourceTree = "<group>"; };
		A8E4C923242AB153007C9765 /* SceneDelegate.swift */ = {isa = PBXFileReference; lastKnownFileType = sourcecode.swift; path = SceneDelegate.swift; sourceTree = "<group>"; };
		A8E4C925242AB153007C9765 /* ContentView.swift */ = {isa = PBXFileReference; lastKnownFileType = sourcecode.swift; path = ContentView.swift; sourceTree = "<group>"; };
		A8E4C927242AB155007C9765 /* Assets.xcassets */ = {isa = PBXFileReference; lastKnownFileType = folder.assetcatalog; path = Assets.xcassets; sourceTree = "<group>"; };
		A8E4C92A242AB155007C9765 /* Preview Assets.xcassets */ = {isa = PBXFileReference; lastKnownFileType = folder.assetcatalog; path = "Preview Assets.xcassets"; sourceTree = "<group>"; };
		A8E4C92D242AB155007C9765 /* Base */ = {isa = PBXFileReference; lastKnownFileType = file.storyboard; name = Base; path = Base.lproj/LaunchScreen.storyboard; sourceTree = "<group>"; };
		A8E4C92F242AB155007C9765 /* Info.plist */ = {isa = PBXFileReference; lastKnownFileType = text.plist.xml; path = Info.plist; sourceTree = "<group>"; };
		A8E4C938242AB64F007C9765 /* NetworkManager.swift */ = {isa = PBXFileReference; lastKnownFileType = sourcecode.swift; path = NetworkManager.swift; sourceTree = "<group>"; };
		A8E4C93A242AB74B007C9765 /* PostData.swift */ = {isa = PBXFileReference; lastKnownFileType = sourcecode.swift; path = PostData.swift; sourceTree = "<group>"; };
		A8E4C93E242ABDE9007C9765 /* DetailView.swift */ = {isa = PBXFileReference; lastKnownFileType = sourcecode.swift; path = DetailView.swift; sourceTree = "<group>"; };
		A8E4C940242AC1B5007C9765 /* WebView.swift */ = {isa = PBXFileReference; lastKnownFileType = sourcecode.swift; path = WebView.swift; sourceTree = "<group>"; };
		A8E4C942242AC2B8007C9765 /* Hacker News.entitlements */ = {isa = PBXFileReference; lastKnownFileType = text.plist.entitlements; path = "Hacker News.entitlements"; sourceTree = "<group>"; };
/* End PBXFileReference section */

/* Begin PBXFrameworksBuildPhase section */
		A8E4C91B242AB153007C9765 /* Frameworks */ = {
			isa = PBXFrameworksBuildPhase;
			buildActionMask = 2147483647;
			files = (
			);
			runOnlyForDeploymentPostprocessing = 0;
		};
/* End PBXFrameworksBuildPhase section */

/* Begin PBXGroup section */
		A8E4C915242AB153007C9765 = {
			isa = PBXGroup;
			children = (
				A8E4C920242AB153007C9765 /* Hacker News */,
				A8E4C91F242AB153007C9765 /* Products */,
			);
			sourceTree = "<group>";
		};
		A8E4C91F242AB153007C9765 /* Products */ = {
			isa = PBXGroup;
			children = (
				A8E4C91E242AB153007C9765 /* Hacker News.app */,
			);
			name = Products;
			sourceTree = "<group>";
		};
		A8E4C920242AB153007C9765 /* Hacker News */ = {
			isa = PBXGroup;
			children = (
				A8E4C942242AC2B8007C9765 /* Hacker News.entitlements */,
				A8E4C935242AB60A007C9765 /* Models */,
				A8E4C921242AB153007C9765 /* AppDelegate.swift */,
				A8E4C923242AB153007C9765 /* SceneDelegate.swift */,
				A8E4C93D242ABDD3007C9765 /* Views */,
				A8E4C927242AB155007C9765 /* Assets.xcassets */,
				A8E4C92C242AB155007C9765 /* LaunchScreen.storyboard */,
				A8E4C92F242AB155007C9765 /* Info.plist */,
				A8E4C929242AB155007C9765 /* Preview Content */,
			);
			path = "Hacker News";
			sourceTree = "<group>";
		};
		A8E4C929242AB155007C9765 /* Preview Content */ = {
			isa = PBXGroup;
			children = (
				A8E4C92A242AB155007C9765 /* Preview Assets.xcassets */,
			);
			path = "Preview Content";
			sourceTree = "<group>";
		};
		A8E4C935242AB60A007C9765 /* Models */ = {
			isa = PBXGroup;
			children = (
				A8E4C938242AB64F007C9765 /* NetworkManager.swift */,
				A8E4C93A242AB74B007C9765 /* PostData.swift */,
			);
			path = Models;
			sourceTree = "<group>";
		};
		A8E4C93D242ABDD3007C9765 /* Views */ = {
			isa = PBXGroup;
			children = (
				A8E4C925242AB153007C9765 /* ContentView.swift */,
				A8E4C93E242ABDE9007C9765 /* DetailView.swift */,
				A8E4C940242AC1B5007C9765 /* WebView.swift */,
			);
			path = Views;
			sourceTree = "<group>";
		};
/* End PBXGroup section */

/* Begin PBXNativeTarget section */
		A8E4C91D242AB153007C9765 /* Hacker News */ = {
			isa = PBXNativeTarget;
			buildConfigurationList = A8E4C932242AB155007C9765 /* Build configuration list for PBXNativeTarget "Hacker News" */;
			buildPhases = (
				A8E4C91A242AB153007C9765 /* Sources */,
				A8E4C91B242AB153007C9765 /* Frameworks */,
				A8E4C91C242AB153007C9765 /* Resources */,
			);
			buildRules = (
			);
			dependencies = (
			);
			name = "Hacker News";
			productName = "Hacker News";
			productReference = A8E4C91E242AB153007C9765 /* Hacker News.app */;
			productType = "com.apple.product-type.application";
		};
/* End PBXNativeTarget section */

/* Begin PBXProject section */
		A8E4C916242AB153007C9765 /* Project object */ = {
			isa = PBXProject;
			attributes = {
				LastSwiftUpdateCheck = 1130;
				LastUpgradeCheck = 1130;
				ORGANIZATIONNAME = "Raj Pandya";
				TargetAttributes = {
					A8E4C91D242AB153007C9765 = {
						CreatedOnToolsVersion = 11.3.1;
					};
				};
			};
			buildConfigurationList = A8E4C919242AB153007C9765 /* Build configuration list for PBXProject "Hacker News" */;
			compatibilityVersion = "Xcode 9.3";
			developmentRegion = en;
			hasScannedForEncodings = 0;
			knownRegions = (
				en,
				Base,
			);
			mainGroup = A8E4C915242AB153007C9765;
			productRefGroup = A8E4C91F242AB153007C9765 /* Products */;
			projectDirPath = "";
			projectRoot = "";
			targets = (
				A8E4C91D242AB153007C9765 /* Hacker News */,
			);
		};
/* End PBXProject section */

/* Begin PBXResourcesBuildPhase section */
		A8E4C91C242AB153007C9765 /* Resources */ = {
			isa = PBXResourcesBuildPhase;
			buildActionMask = 2147483647;
			files = (
				A8E4C92E242AB155007C9765 /* LaunchScreen.storyboard in Resources */,
				A8E4C92B242AB155007C9765 /* Preview Assets.xcassets in Resources */,
				A8E4C928242AB155007C9765 /* Assets.xcassets in Resources */,
			);
			runOnlyForDeploymentPostprocessing = 0;
		};
/* End PBXResourcesBuildPhase section */

/* Begin PBXSourcesBuildPhase section */
		A8E4C91A242AB153007C9765 /* Sources */ = {
			isa = PBXSourcesBuildPhase;
			buildActionMask = 2147483647;
			files = (
				A8E4C93B242AB74B007C9765 /* PostData.swift in Sources */,
				A8E4C93F242ABDE9007C9765 /* DetailView.swift in Sources */,
				A8E4C939242AB64F007C9765 /* NetworkManager.swift in Sources */,
				A8E4C922242AB153007C9765 /* AppDelegate.swift in Sources */,
				A8E4C924242AB153007C9765 /* SceneDelegate.swift in Sources */,
				A8E4C926242AB153007C9765 /* ContentView.swift in Sources */,
				A8E4C941242AC1B5007C9765 /* WebView.swift in Sources */,
			);
			runOnlyForDeploymentPostprocessing = 0;
		};
/* End PBXSourcesBuildPhase section */

/* Begin PBXVariantGroup section */
		A8E4C92C242AB155007C9765 /* LaunchScreen.storyboard */ = {
			isa = PBXVariantGroup;
			children = (
				A8E4C92D242AB155007C9765 /* Base */,
			);
			name = LaunchScreen.storyboard;
			sourceTree = "<group>";
		};
/* End PBXVariantGroup section */

/* Begin XCBuildConfiguration section */
		A8E4C930242AB155007C9765 /* Debug */ = {
			isa = XCBuildConfiguration;
			buildSettings = {
				ALWAYS_SEARCH_USER_PATHS = NO;
				CLANG_ANALYZER_NONNULL = YES;
				CLANG_ANALYZER_NUMBER_OBJECT_CONVERSION = YES_AGGRESSIVE;
				CLANG_CXX_LANGUAGE_STANDARD = "gnu++14";
				CLANG_CXX_LIBRARY = "libc++";
				CLANG_ENABLE_MODULES = YES;
				CLANG_ENABLE_OBJC_ARC = YES;
				CLANG_ENABLE_OBJC_WEAK = YES;
				CLANG_WARN_BLOCK_CAPTURE_AUTORELEASING = YES;
				CLANG_WARN_BOOL_CONVERSION = YES;
				CLANG_WARN_COMMA = YES;
				CLANG_WARN_CONSTANT_CONVERSION = YES;
				CLANG_WARN_DEPRECATED_OBJC_IMPLEMENTATIONS = YES;
				CLANG_WARN_DIRECT_OBJC_ISA_USAGE = YES_ERROR;
				CLANG_WARN_DOCUMENTATION_COMMENTS = YES;
				CLANG_WARN_EMPTY_BODY = YES;
				CLANG_WARN_ENUM_CONVERSION = YES;
				CLANG_WARN_INFINITE_RECURSION = YES;
				CLANG_WARN_INT_CONVERSION = YES;
				CLANG_WARN_NON_LITERAL_NULL_CONVERSION = YES;
				CLANG_WARN_OBJC_IMPLICIT_RETAIN_SELF = YES;
				CLANG_WARN_OBJC_LITERAL_CONVERSION = YES;
				CLANG_WARN_OBJC_ROOT_CLASS = YES_ERROR;
				CLANG_WARN_RANGE_LOOP_ANALYSIS = YES;
				CLANG_WARN_STRICT_PROTOTYPES = YES;
				CLANG_WARN_SUSPICIOUS_MOVE = YES;
				CLANG_WARN_UNGUARDED_AVAILABILITY = YES_AGGRESSIVE;
				CLANG_WARN_UNREACHABLE_CODE = YES;
				CLANG_WARN__DUPLICATE_METHOD_MATCH = YES;
				COPY_PHASE_STRIP = NO;
				DEBUG_INFORMATION_FORMAT = dwarf;
				ENABLE_STRICT_OBJC_MSGSEND = YES;
				ENABLE_TESTABILITY = YES;
				GCC_C_LANGUAGE_STANDARD = gnu11;
				GCC_DYNAMIC_NO_PIC = NO;
				GCC_NO_COMMON_BLOCKS = YES;
				GCC_OPTIMIZATION_LEVEL = 0;
				GCC_PREPROCESSOR_DEFINITIONS = (
					"DEBUG=1",
					"$(inherited)",
				);
				GCC_WARN_64_TO_32_BIT_CONVERSION = YES;
				GCC_WARN_ABOUT_RETURN_TYPE = YES_ERROR;
				GCC_WARN_UNDECLARED_SELECTOR = YES;
				GCC_WARN_UNINITIALIZED_AUTOS = YES_AGGRESSIVE;
				GCC_WARN_UNUSED_FUNCTION = YES;
				GCC_WARN_UNUSED_VARIABLE = YES;
				IPHONEOS_DEPLOYMENT_TARGET = 13.2;
				MTL_ENABLE_DEBUG_INFO = INCLUDE_SOURCE;
				MTL_FAST_MATH = YES;
				ONLY_ACTIVE_ARCH = YES;
				SDKROOT = iphoneos;
				SWIFT_ACTIVE_COMPILATION_CONDITIONS = DEBUG;
				SWIFT_OPTIMIZATION_LEVEL = "-Onone";
			};
			name = Debug;
		};
		A8E4C931242AB155007C9765 /* Release */ = {
			isa = XCBuildConfiguration;
			buildSettings = {
				ALWAYS_SEARCH_USER_PATHS = NO;
				CLANG_ANALYZER_NONNULL = YES;
				CLANG_ANALYZER_NUMBER_OBJECT_CONVERSION = YES_AGGRESSIVE;
				CLANG_CXX_LANGUAGE_STANDARD = "gnu++14";
				CLANG_CXX_LIBRARY = "libc++";
				CLANG_ENABLE_MODULES = YES;
				CLANG_ENABLE_OBJC_ARC = YES;
				CLANG_ENABLE_OBJC_WEAK = YES;
				CLANG_WARN_BLOCK_CAPTURE_AUTORELEASING = YES;
				CLANG_WARN_BOOL_CONVERSION = YES;
				CLANG_WARN_COMMA = YES;
				CLANG_WARN_CONSTANT_CONVERSION = YES;
				CLANG_WARN_DEPRECATED_OBJC_IMPLEMENTATIONS = YES;
				CLANG_WARN_DIRECT_OBJC_ISA_USAGE = YES_ERROR;
				CLANG_WARN_DOCUMENTATION_COMMENTS = YES;
				CLANG_WARN_EMPTY_BODY = YES;
				CLANG_WARN_ENUM_CONVERSION = YES;
				CLANG_WARN_INFINITE_RECURSION = YES;
				CLANG_WARN_INT_CONVERSION = YES;
				CLANG_WARN_NON_LITERAL_NULL_CONVERSION = YES;
				CLANG_WARN_OBJC_IMPLICIT_RETAIN_SELF = YES;
				CLANG_WARN_OBJC_LITERAL_CONVERSION = YES;
				CLANG_WARN_OBJC_ROOT_CLASS = YES_ERROR;
				CLANG_WARN_RANGE_LOOP_ANALYSIS = YES;
				CLANG_WARN_STRICT_PROTOTYPES = YES;
				CLANG_WARN_SUSPICIOUS_MOVE = YES;
				CLANG_WARN_UNGUARDED_AVAILABILITY = YES_AGGRESSIVE;
				CLANG_WARN_UNREACHABLE_CODE = YES;
				CLANG_WARN__DUPLICATE_METHOD_MATCH = YES;
				COPY_PHASE_STRIP = NO;
				DEBUG_INFORMATION_FORMAT = "dwarf-with-dsym";
				ENABLE_NS_ASSERTIONS = NO;
				ENABLE_STRICT_OBJC_MSGSEND = YES;
				GCC_C_LANGUAGE_STANDARD = gnu11;
				GCC_NO_COMMON_BLOCKS = YES;
				GCC_WARN_64_TO_32_BIT_CONVERSION = YES;
				GCC_WARN_ABOUT_RETURN_TYPE = YES_ERROR;
				GCC_WARN_UNDECLARED_SELECTOR = YES;
				GCC_WARN_UNINITIALIZED_AUTOS = YES_AGGRESSIVE;
				GCC_WARN_UNUSED_FUNCTION = YES;
				GCC_WARN_UNUSED_VARIABLE = YES;
				IPHONEOS_DEPLOYMENT_TARGET = 13.2;
				MTL_ENABLE_DEBUG_INFO = NO;
				MTL_FAST_MATH = YES;
				SDKROOT = iphoneos;
				SWIFT_COMPILATION_MODE = wholemodule;
				SWIFT_OPTIMIZATION_LEVEL = "-O";
				VALIDATE_PRODUCT = YES;
			};
			name = Release;
		};
		A8E4C933242AB155007C9765 /* Debug */ = {
			isa = XCBuildConfiguration;
			buildSettings = {
				ASSETCATALOG_COMPILER_APPICON_NAME = AppIcon;
				CODE_SIGN_ENTITLEMENTS = "Hacker News/Hacker News.entitlements";
				CODE_SIGN_STYLE = Automatic;
				DERIVE_MACCATALYST_PRODUCT_BUNDLE_IDENTIFIER = YES;
				DEVELOPMENT_ASSET_PATHS = "\"Hacker News/Preview Content\"";
				DEVELOPMENT_TEAM = XPDRNGVZ7W;
				ENABLE_PREVIEWS = YES;
				INFOPLIST_FILE = "Hacker News/Info.plist";
				LD_RUNPATH_SEARCH_PATHS = (
					"$(inherited)",
					"@executable_path/Frameworks",
				);
				PRODUCT_BUNDLE_IDENTIFIER = "pandya.Hacker-News";
				PRODUCT_NAME = "$(TARGET_NAME)";
				SUPPORTS_MACCATALYST = YES;
				SWIFT_VERSION = 5.0;
				TARGETED_DEVICE_FAMILY = "1,2";
			};
			name = Debug;
		};
		A8E4C934242AB155007C9765 /* Release */ = {
			isa = XCBuildConfiguration;
			buildSettings = {
				ASSETCATALOG_COMPILER_APPICON_NAME = AppIcon;
				CODE_SIGN_ENTITLEMENTS = "Hacker News/Hacker News.entitlements";
				CODE_SIGN_STYLE = Automatic;
				DERIVE_MACCATALYST_PRODUCT_BUNDLE_IDENTIFIER = YES;
				DEVELOPMENT_ASSET_PATHS = "\"Hacker News/Preview Content\"";
				DEVELOPMENT_TEAM = XPDRNGVZ7W;
				ENABLE_PREVIEWS = YES;
				INFOPLIST_FILE = "Hacker News/Info.plist";
				LD_RUNPATH_SEARCH_PATHS = (
					"$(inherited)",
					"@executable_path/Frameworks",
				);
				PRODUCT_BUNDLE_IDENTIFIER = "pandya.Hacker-News";
				PRODUCT_NAME = "$(TARGET_NAME)";
				SUPPORTS_MACCATALYST = YES;
				SWIFT_VERSION = 5.0;
				TARGETED_DEVICE_FAMILY = "1,2";
			};
			name = Release;
		};
/* End XCBuildConfiguration section */

/* Begin XCConfigurationList section */
		A8E4C919242AB153007C9765 /* Build configuration list for PBXProject "Hacker News" */ = {
			isa = XCConfigurationList;
			buildConfigurations = (
				A8E4C930242AB155007C9765 /* Debug */,
				A8E4C931242AB155007C9765 /* Release */,
			);
			defaultConfigurationIsVisible = 0;
			defaultConfigurationName = Release;
		};
		A8E4C932242AB155007C9765 /* Build configuration list for PBXNativeTarget "Hacker News" */ = {
			isa = XCConfigurationList;
			buildConfigurations = (
				A8E4C933242AB155007C9765 /* Debug */,
				A8E4C934242AB155007C9765 /* Release */,
			);
			defaultConfigurationIsVisible = 0;
			defaultConfigurationName = Release;
		};
/* End XCConfigurationList section */
	};
	rootObject = A8E4C916242AB153007C9765 /* Project object */;
}
